
Microsoft Visual Studio Solution File, Format Version 12.00
# Visual Studio 15
VisualStudioVersion = 15.0.28307.421
MinimumVisualStudioVersion = 10.0.40219.1
Project("{9A19103F-16F7-4668-BE54-9A1E7A4F7556}") = "Carbon-Footprint", "Calculations\Carbon-Footprint.csproj", "{037A2E97-46AD-48F8-A856-355919C216BD}"
EndProject
Global
	GlobalSection(SolutionConfigurationPlatforms) = preSolution
		Debug|Any CPU = Debug|Any CPU
		Release|Any CPU = Release|Any CPU
	EndGlobalSection
	GlobalSection(ProjectConfigurationPlatforms) = postSolution
		{037A2E97-46AD-48F8-A856-355919C216BD}.Debug|Any CPU.ActiveCfg = Debug|Any CPU
		{037A2E97-46AD-48F8-A856-355919C216BD}.Debug|Any CPU.Build.0 = Debug|Any CPU
		{037A2E97-46AD-48F8-A856-355919C216BD}.Release|Any CPU.ActiveCfg = Release|Any CPU
		{037A2E97-46AD-48F8-A856-355919C216BD}.Release|Any CPU.Build.0 = Release|Any CPU
	EndGlobalSection
	GlobalSection(SolutionProperties) = preSolution
		HideSolutionNode = FALSE
	EndGlobalSection
	GlobalSection(ExtensibilityGlobals) = postSolution
		SolutionGuid = {BACE55C9-FFBF-4445-B5B4-6789011628B6}
	EndGlobalSection
EndGlobal
